
Microsoft Visual Studio Solution File, Format Version 12.00
# Visual Studio Version 17
VisualStudioVersion = 17.7.34031.279
MinimumVisualStudioVersion = 10.0.40219.1
Project("{FAE04EC0-301F-11D3-BF4B-00C04F79EFBC}") = "Платежные системы", "Платежные системы\Платежные системы.csproj", "{08E4BC5E-2CC3-448B-89CC-5E934EFE7D26}"
EndProject
Global
	GlobalSection(SolutionConfigurationPlatforms) = preSolution
		Debug|Any CPU = Debug|Any CPU
		Release|Any CPU = Release|Any CPU
	EndGlobalSection
	GlobalSection(ProjectConfigurationPlatforms) = postSolution
		{08E4BC5E-2CC3-448B-89CC-5E934EFE7D26}.Debug|Any CPU.ActiveCfg = Debug|Any CPU
		{08E4BC5E-2CC3-448B-89CC-5E934EFE7D26}.Debug|Any CPU.Build.0 = Debug|Any CPU
		{08E4BC5E-2CC3-448B-89CC-5E934EFE7D26}.Release|Any CPU.ActiveCfg = Release|Any CPU
		{08E4BC5E-2CC3-448B-89CC-5E934EFE7D26}.Release|Any CPU.Build.0 = Release|Any CPU
	EndGlobalSection
	GlobalSection(SolutionProperties) = preSolution
		HideSolutionNode = FALSE
	EndGlobalSection
	GlobalSection(ExtensibilityGlobals) = postSolution
		SolutionGuid = {E39B1B8E-46A4-43F4-BD1E-98E3D0C3671B}
	EndGlobalSection
EndGlobal
